
Microsoft Visual Studio Solution File, Format Version 12.00
# Visual Studio Version 17
VisualStudioVersion = 17.9.34616.47
MinimumVisualStudioVersion = 10.0.40219.1
Project("{9A19103F-16F7-4668-BE54-9A1E7A4F7556}") = "mission10baylorapi", "mission10baylorapi.csproj", "{6797BB4C-68B2-493D-AF23-9375E34499EA}"
EndProject
Global
	GlobalSection(SolutionConfigurationPlatforms) = preSolution
		Debug|Any CPU = Debug|Any CPU
		Release|Any CPU = Release|Any CPU
	EndGlobalSection
	GlobalSection(ProjectConfigurationPlatforms) = postSolution
		{6797BB4C-68B2-493D-AF23-9375E34499EA}.Debug|Any CPU.ActiveCfg = Debug|Any CPU
		{6797BB4C-68B2-493D-AF23-9375E34499EA}.Debug|Any CPU.Build.0 = Debug|Any CPU
		{6797BB4C-68B2-493D-AF23-9375E34499EA}.Release|Any CPU.ActiveCfg = Release|Any CPU
		{6797BB4C-68B2-493D-AF23-9375E34499EA}.Release|Any CPU.Build.0 = Release|Any CPU
	EndGlobalSection
	GlobalSection(SolutionProperties) = preSolution
		HideSolutionNode = FALSE
	EndGlobalSection
	GlobalSection(ExtensibilityGlobals) = postSolution
		SolutionGuid = {A233DC3C-42C5-40D7-97D8-D5150571B0B3}
	EndGlobalSection
EndGlobal
